
Microsoft Visual Studio Solution File, Format Version 11.00
# Visual Studio 2010
Project("{8BC9CEB8-8B4A-11D0-8D11-00A0C91BC942}") = "modbus", "modbus.vcxproj", "{498E0845-C7F4-438B-8EDE-EF7FC9A74430}"
EndProject
Project("{2150E333-8FDC-42A3-9474-1A3956D46DE8}") = "tests", "tests", "{37BEE5B2-D41D-4062-AD4E-67981CA1ACAD}"
EndProject
Project("{8BC9CEB8-8B4A-11D0-8D11-00A0C91BC942}") = "random-test-server", "..\..\tests\random-test-server.vcxproj", "{6A858820-60ED-4E91-9A06-A3BE9840C3A7}"
EndProject
Project("{8BC9CEB8-8B4A-11D0-8D11-00A0C91BC942}") = "random-test-client", "..\..\tests\random-test-client.vcxproj", "{7F61C938-D642-4CB0-AC9E-F0443601582C}"
EndProject
Project("{8BC9CEB8-8B4A-11D0-8D11-00A0C91BC942}") = "bandwidth-server-many-up", "..\..\tests\bandwidth-server-many-up.vcxproj", "{DEC85E1C-163C-486F-B0C2-723F1BD1EB28}"
EndProject
Project("{8BC9CEB8-8B4A-11D0-8D11-00A0C91BC942}") = "unit-test-server", "..\..\tests\unit-test-server.vcxproj", "{8C13882D-D912-493B-A5DE-93E661E433BD}"
EndProject
Project("{8BC9CEB8-8B4A-11D0-8D11-00A0C91BC942}") = "unit-test-client", "..\..\tests\unit-test-client.vcxproj", "{055F0A1D-7287-4C46-A906-9F1635286369}"
EndProject
Project("{8BC9CEB8-8B4A-11D0-8D11-00A0C91BC942}") = "bandwidth-server-one", "..\..\tests\bandwidth-server-one.vcxproj", "{ED0367DD-86AB-41D1-95CC-C1EB3E8A9FA2}"
EndProject
Project("{8BC9CEB8-8B4A-11D0-8D11-00A0C91BC942}") = "bandwidth-client", "..\..\tests\bandwidth-client.vcxproj", "{A4144B9E-F4DF-413A-87B1-C521908C10E7}"
EndProject
Global
	GlobalSection(SolutionConfigurationPlatforms) = preSolution
		Debug|Win32 = Debug|Win32
		Release|Win32 = Release|Win32
	EndGlobalSection
	GlobalSection(ProjectConfigurationPlatforms) = postSolution
		{498E0845-C7F4-438B-8EDE-EF7FC9A74430}.Debug|Win32.ActiveCfg = Debug|Win32
		{498E0845-C7F4-438B-8EDE-EF7FC9A74430}.Debug|Win32.Build.0 = Debug|Win32
		{498E0845-C7F4-438B-8EDE-EF7FC9A74430}.Release|Win32.ActiveCfg = Release|Win32
		{498E0845-C7F4-438B-8EDE-EF7FC9A74430}.Release|Win32.Build.0 = Release|Win32
		{6A858820-60ED-4E91-9A06-A3BE9840C3A7}.Debug|Win32.ActiveCfg = Debug|Win32
		{6A858820-60ED-4E91-9A06-A3BE9840C3A7}.Debug|Win32.Build.0 = Debug|Win32
		{6A858820-60ED-4E91-9A06-A3BE9840C3A7}.Release|Win32.ActiveCfg = Release|Win32
		{6A858820-60ED-4E91-9A06-A3BE9840C3A7}.Release|Win32.Build.0 = Release|Win32
		{7F61C938-D642-4CB0-AC9E-F0443601582C}.Debug|Win32.ActiveCfg = Debug|Win32
		{7F61C938-D642-4CB0-AC9E-F0443601582C}.Debug|Win32.Build.0 = Debug|Win32
		{7F61C938-D642-4CB0-AC9E-F0443601582C}.Release|Win32.ActiveCfg = Release|Win32
		{7F61C938-D642-4CB0-AC9E-F0443601582C}.Release|Win32.Build.0 = Release|Win32
		{DEC85E1C-163C-486F-B0C2-723F1BD1EB28}.Debug|Win32.ActiveCfg = Debug|Win32
		{DEC85E1C-163C-486F-B0C2-723F1BD1EB28}.Debug|Win32.Build.0 = Debug|Win32
		{DEC85E1C-163C-486F-B0C2-723F1BD1EB28}.Release|Win32.ActiveCfg = Release|Win32
		{DEC85E1C-163C-486F-B0C2-723F1BD1EB28}.Release|Win32.Build.0 = Release|Win32
		{8C13882D-D912-493B-A5DE-93E661E433BD}.Debug|Win32.ActiveCfg = Debug|Win32
		{8C13882D-D912-493B-A5DE-93E661E433BD}.Debug|Win32.Build.0 = Debug|Win32
		{8C13882D-D912-493B-A5DE-93E661E433BD}.Release|Win32.ActiveCfg = Release|Win32
		{8C13882D-D912-493B-A5DE-93E661E433BD}.Release|Win32.Build.0 = Release|Win32
		{055F0A1D-7287-4C46-A906-9F1635286369}.Debug|Win32.ActiveCfg = Debug|Win32
		{055F0A1D-7287-4C46-A906-9F1635286369}.Debug|Win32.Build.0 = Debug|Win32
		{055F0A1D-7287-4C46-A906-9F1635286369}.Release|Win32.ActiveCfg = Release|Win32
		{055F0A1D-7287-4C46-A906-9F1635286369}.Release|Win32.Build.0 = Release|Win32
		{ED0367DD-86AB-41D1-95CC-C1EB3E8A9FA2}.Debug|Win32.ActiveCfg = Debug|Win32
		{ED0367DD-86AB-41D1-95CC-C1EB3E8A9FA2}.Debug|Win32.Build.0 = Debug|Win32
		{ED0367DD-86AB-41D1-95CC-C1EB3E8A9FA2}.Release|Win32.ActiveCfg = Release|Win32
		{ED0367DD-86AB-41D1-95CC-C1EB3E8A9FA2}.Release|Win32.Build.0 = Release|Win32
		{A4144B9E-F4DF-413A-87B1-C521908C10E7}.Debug|Win32.ActiveCfg = Debug|Win32
		{A4144B9E-F4DF-413A-87B1-C521908C10E7}.Debug|Win32.Build.0 = Debug|Win32
		{A4144B9E-F4DF-413A-87B1-C521908C10E7}.Release|Win32.ActiveCfg = Release|Win32
		{A4144B9E-F4DF-413A-87B1-C521908C10E7}.Release|Win32.Build.0 = Release|Win32
	EndGlobalSection
	GlobalSection(SolutionProperties) = preSolution
		HideSolutionNode = FALSE
	EndGlobalSection
	GlobalSection(NestedProjects) = preSolution
		{6A858820-60ED-4E91-9A06-A3BE9840C3A7} = {37BEE5B2-D41D-4062-AD4E-67981CA1ACAD}
		{7F61C938-D642-4CB0-AC9E-F0443601582C} = {37BEE5B2-D41D-4062-AD4E-67981CA1ACAD}
		{DEC85E1C-163C-486F-B0C2-723F1BD1EB28} = {37BEE5B2-D41D-4062-AD4E-67981CA1ACAD}
		{8C13882D-D912-493B-A5DE-93E661E433BD} = {37BEE5B2-D41D-4062-AD4E-67981CA1ACAD}
		{055F0A1D-7287-4C46-A906-9F1635286369} = {37BEE5B2-D41D-4062-AD4E-67981CA1ACAD}
		{ED0367DD-86AB-41D1-95CC-C1EB3E8A9FA2} = {37BEE5B2-D41D-4062-AD4E-67981CA1ACAD}
		{A4144B9E-F4DF-413A-87B1-C521908C10E7} = {37BEE5B2-D41D-4062-AD4E-67981CA1ACAD}
	EndGlobalSection
EndGlobal
